// !$*UTF8*$!
{
	archiveVersion = 1;
	classes = {
	};
	objectVersion = 56;
	objects = {

/* Begin PBXBuildFile section */
		A2024B352AE1BCDC00781741 /* 8.c in Sources */ = {isa = PBXBuildFile; fileRef = A2024B342AE1BCDC00781741 /* 8.c */; };
		A2024B372AE1CB1800781741 /* 9.c in Sources */ = {isa = PBXBuildFile; fileRef = A2024B362AE1CB1800781741 /* 9.c */; };
		A2024B392AE1D5DE00781741 /* 10.c in Sources */ = {isa = PBXBuildFile; fileRef = A2024B382AE1D5DE00781741 /* 10.c */; };
		A2024B3B2AE1D73400781741 /* 11.c in Sources */ = {isa = PBXBuildFile; fileRef = A2024B3A2AE1D73400781741 /* 11.c */; };
		A25EF0CD2AF036920027DAFC /* 1.c in Sources */ = {isa = PBXBuildFile; fileRef = A25EF0CC2AF036920027DAFC /* 1.c */; };
		A2E4E7362AE4880700986FE9 /* 1.c in Sources */ = {isa = PBXBuildFile; fileRef = A2E4E7352AE4880700986FE9 /* 1.c */; };
		A2E4E7382AE83C8400986FE9 /* 2.c in Sources */ = {isa = PBXBuildFile; fileRef = A2E4E7372AE83C8400986FE9 /* 2.c */; };
		A2E4E73C2AE9273600986FE9 /* 3.c in Sources */ = {isa = PBXBuildFile; fileRef = A2E4E73B2AE9273600986FE9 /* 3.c */; };
		A2E4E73E2AE92A7700986FE9 /* 4.c in Sources */ = {isa = PBXBuildFile; fileRef = A2E4E73D2AE92A7700986FE9 /* 4.c */; };
		A2E4E7402AE92F3600986FE9 /* 5b.c in Sources */ = {isa = PBXBuildFile; fileRef = A2E4E73F2AE92F3600986FE9 /* 5b.c */; };
		A2E4E7422AE939F700986FE9 /* 3b.c in Sources */ = {isa = PBXBuildFile; fileRef = A2E4E7412AE939F700986FE9 /* 3b.c */; };
		A2E4E7442AE93B7500986FE9 /* 4b.c in Sources */ = {isa = PBXBuildFile; fileRef = A2E4E7432AE93B7500986FE9 /* 4b.c */; };
		A2E4E7462AE9514700986FE9 /* 5.c in Sources */ = {isa = PBXBuildFile; fileRef = A2E4E7452AE9514700986FE9 /* 5.c */; };
		A2E4E7482AE9611400986FE9 /* 6.c in Sources */ = {isa = PBXBuildFile; fileRef = A2E4E7472AE9611400986FE9 /* 6.c */; };
		A2E4E74A2AE970AD00986FE9 /* 7.c in Sources */ = {isa = PBXBuildFile; fileRef = A2E4E7492AE970AC00986FE9 /* 7.c */; };
		A2E4E74C2AE9743200986FE9 /* 8.c in Sources */ = {isa = PBXBuildFile; fileRef = A2E4E74B2AE9743200986FE9 /* 8.c */; };
		A2E4E74E2AE977DE00986FE9 /* 8_1.c in Sources */ = {isa = PBXBuildFile; fileRef = A2E4E74D2AE977DE00986FE9 /* 8_1.c */; };
		A2E4E7502AE9796D00986FE9 /* 9.c in Sources */ = {isa = PBXBuildFile; fileRef = A2E4E74F2AE9796D00986FE9 /* 9.c */; };
		A2E4E7522AE97B0F00986FE9 /* 10.c in Sources */ = {isa = PBXBuildFile; fileRef = A2E4E7512AE97B0F00986FE9 /* 10.c */; };
		A2E4E7542AE97D9200986FE9 /* 11_fork_exec.c in Sources */ = {isa = PBXBuildFile; fileRef = A2E4E7532AE97D9200986FE9 /* 11_fork_exec.c */; };
		A2E4E7572AE97DA100986FE9 /* 11_sys.c in Sources */ = {isa = PBXBuildFile; fileRef = A2E4E7562AE97DA100986FE9 /* 11_sys.c */; };
		A2E4E7592AEBBD1800986FE9 /* 1_for10.c in Sources */ = {isa = PBXBuildFile; fileRef = A2E4E7582AEBBD1800986FE9 /* 1_for10.c */; };
		A2EF1A812AD2C57200954B5D /* main.c in Sources */ = {isa = PBXBuildFile; fileRef = A2EF1A802AD2C57200954B5D /* main.c */; };
		A2EF1A8A2AD2C60C00954B5D /* 1.c in Sources */ = {isa = PBXBuildFile; fileRef = A2EF1A892AD2C60C00954B5D /* 1.c */; };
		A2EF1A8C2AD702F900954B5D /* 2.c in Sources */ = {isa = PBXBuildFile; fileRef = A2EF1A8B2AD702F900954B5D /* 2.c */; };
		A2EF1A8E2AD942EB00954B5D /* 3.c in Sources */ = {isa = PBXBuildFile; fileRef = A2EF1A8D2AD942EB00954B5D /* 3.c */; };
		A2EF1A902ADFC93B00954B5D /* 4.c in Sources */ = {isa = PBXBuildFile; fileRef = A2EF1A8F2ADFC93B00954B5D /* 4.c */; };
		A2EF1A932ADFE59B00954B5D /* 5.c in Sources */ = {isa = PBXBuildFile; fileRef = A2EF1A922ADFE59B00954B5D /* 5.c */; };
		A2EF1A952ADFE9F200954B5D /* 6.c in Sources */ = {isa = PBXBuildFile; fileRef = A2EF1A942ADFE9F200954B5D /* 6.c */; };
		A2EF1A972ADFED4A00954B5D /* 7.c in Sources */ = {isa = PBXBuildFile; fileRef = A2EF1A962ADFED4A00954B5D /* 7.c */; };
/* End PBXBuildFile section */

/* Begin PBXCopyFilesBuildPhase section */
		A2EF1A7B2AD2C57200954B5D /* CopyFiles */ = {
			isa = PBXCopyFilesBuildPhase;
			buildActionMask = 2147483647;
			dstPath = /usr/share/man/man1/;
			dstSubfolderSpec = 0;
			files = (
			);
			runOnlyForDeploymentPostprocessing = 1;
		};
/* End PBXCopyFilesBuildPhase section */

/* Begin PBXFileReference section */
		A2024B342AE1BCDC00781741 /* 8.c */ = {isa = PBXFileReference; lastKnownFileType = sourcecode.c.c; path = 8.c; sourceTree = "<group>"; };
		A2024B362AE1CB1800781741 /* 9.c */ = {isa = PBXFileReference; lastKnownFileType = sourcecode.c.c; path = 9.c; sourceTree = "<group>"; };
		A2024B382AE1D5DE00781741 /* 10.c */ = {isa = PBXFileReference; lastKnownFileType = sourcecode.c.c; path = 10.c; sourceTree = "<group>"; };
		A2024B3A2AE1D73400781741 /* 11.c */ = {isa = PBXFileReference; lastKnownFileType = sourcecode.c.c; path = 11.c; sourceTree = "<group>"; };
		A25EF0CC2AF036920027DAFC /* 1.c */ = {isa = PBXFileReference; lastKnownFileType = sourcecode.c.c; path = 1.c; sourceTree = "<group>"; };
		A2E4E7342AE429FC00986FE9 /* task.txt */ = {isa = PBXFileReference; lastKnownFileType = text; path = task.txt; sourceTree = "<group>"; };
		A2E4E7352AE4880700986FE9 /* 1.c */ = {isa = PBXFileReference; lastKnownFileType = sourcecode.c.c; path = 1.c; sourceTree = "<group>"; };
		A2E4E7372AE83C8400986FE9 /* 2.c */ = {isa = PBXFileReference; lastKnownFileType = sourcecode.c.c; path = 2.c; sourceTree = "<group>"; };
		A2E4E73B2AE9273600986FE9 /* 3.c */ = {isa = PBXFileReference; lastKnownFileType = sourcecode.c.c; path = 3.c; sourceTree = "<group>"; };
		A2E4E73D2AE92A7700986FE9 /* 4.c */ = {isa = PBXFileReference; lastKnownFileType = sourcecode.c.c; path = 4.c; sourceTree = "<group>"; };
		A2E4E73F2AE92F3600986FE9 /* 5b.c */ = {isa = PBXFileReference; lastKnownFileType = sourcecode.c.c; path = 5b.c; sourceTree = "<group>"; };
		A2E4E7412AE939F700986FE9 /* 3b.c */ = {isa = PBXFileReference; lastKnownFileType = sourcecode.c.c; path = 3b.c; sourceTree = "<group>"; };
		A2E4E7432AE93B7500986FE9 /* 4b.c */ = {isa = PBXFileReference; lastKnownFileType = sourcecode.c.c; path = 4b.c; sourceTree = "<group>"; };
		A2E4E7452AE9514700986FE9 /* 5.c */ = {isa = PBXFileReference; lastKnownFileType = sourcecode.c.c; path = 5.c; sourceTree = "<group>"; };
		A2E4E7472AE9611400986FE9 /* 6.c */ = {isa = PBXFileReference; lastKnownFileType = sourcecode.c.c; path = 6.c; sourceTree = "<group>"; };
		A2E4E7492AE970AC00986FE9 /* 7.c */ = {isa = PBXFileReference; lastKnownFileType = sourcecode.c.c; path = 7.c; sourceTree = "<group>"; };
		A2E4E74B2AE9743200986FE9 /* 8.c */ = {isa = PBXFileReference; lastKnownFileType = sourcecode.c.c; path = 8.c; sourceTree = "<group>"; };
		A2E4E74D2AE977DE00986FE9 /* 8_1.c */ = {isa = PBXFileReference; lastKnownFileType = sourcecode.c.c; path = 8_1.c; sourceTree = "<group>"; };
		A2E4E74F2AE9796D00986FE9 /* 9.c */ = {isa = PBXFileReference; lastKnownFileType = sourcecode.c.c; path = 9.c; sourceTree = "<group>"; };
		A2E4E7512AE97B0F00986FE9 /* 10.c */ = {isa = PBXFileReference; lastKnownFileType = sourcecode.c.c; path = 10.c; sourceTree = "<group>"; };
		A2E4E7532AE97D9200986FE9 /* 11_fork_exec.c */ = {isa = PBXFileReference; lastKnownFileType = sourcecode.c.c; path = 11_fork_exec.c; sourceTree = "<group>"; };
		A2E4E7562AE97DA100986FE9 /* 11_sys.c */ = {isa = PBXFileReference; lastKnownFileType = sourcecode.c.c; path = 11_sys.c; sourceTree = "<group>"; };
		A2E4E7582AEBBD1800986FE9 /* 1_for10.c */ = {isa = PBXFileReference; lastKnownFileType = sourcecode.c.c; path = 1_for10.c; sourceTree = "<group>"; };
		A2E4E75B2AEE768900986FE9 /* task.txt */ = {isa = PBXFileReference; lastKnownFileType = text; path = task.txt; sourceTree = "<group>"; };
		A2EF1A7D2AD2C57200954B5D /* labOS */ = {isa = PBXFileReference; explicitFileType = "compiled.mach-o.executable"; includeInIndex = 0; path = labOS; sourceTree = BUILT_PRODUCTS_DIR; };
		A2EF1A802AD2C57200954B5D /* main.c */ = {isa = PBXFileReference; lastKnownFileType = sourcecode.c.c; path = main.c; sourceTree = "<group>"; };
		A2EF1A892AD2C60C00954B5D /* 1.c */ = {isa = PBXFileReference; lastKnownFileType = sourcecode.c.c; path = 1.c; sourceTree = "<group>"; };
		A2EF1A8B2AD702F900954B5D /* 2.c */ = {isa = PBXFileReference; lastKnownFileType = sourcecode.c.c; path = 2.c; sourceTree = "<group>"; };
		A2EF1A8D2AD942EB00954B5D /* 3.c */ = {isa = PBXFileReference; lastKnownFileType = sourcecode.c.c; path = 3.c; sourceTree = "<group>"; };
		A2EF1A8F2ADFC93B00954B5D /* 4.c */ = {isa = PBXFileReference; lastKnownFileType = sourcecode.c.c; path = 4.c; sourceTree = "<group>"; };
		A2EF1A912ADFC98900954B5D /* task.txt */ = {isa = PBXFileReference; lastKnownFileType = text; path = task.txt; sourceTree = "<group>"; };
		A2EF1A922ADFE59B00954B5D /* 5.c */ = {isa = PBXFileReference; lastKnownFileType = sourcecode.c.c; path = 5.c; sourceTree = "<group>"; };
		A2EF1A942ADFE9F200954B5D /* 6.c */ = {isa = PBXFileReference; lastKnownFileType = sourcecode.c.c; path = 6.c; sourceTree = "<group>"; };
		A2EF1A962ADFED4A00954B5D /* 7.c */ = {isa = PBXFileReference; lastKnownFileType = sourcecode.c.c; path = 7.c; sourceTree = "<group>"; };
/* End PBXFileReference section */

/* Begin PBXFrameworksBuildPhase section */
		A2EF1A7A2AD2C57200954B5D /* Frameworks */ = {
			isa = PBXFrameworksBuildPhase;
			buildActionMask = 2147483647;
			files = (
			);
			runOnlyForDeploymentPostprocessing = 0;
		};
/* End PBXFrameworksBuildPhase section */

/* Begin PBXGroup section */
		A2E4E7332AE429B900986FE9 /* lab2 */ = {
			isa = PBXGroup;
			children = (
				A2E4E7342AE429FC00986FE9 /* task.txt */,
				A2E4E7352AE4880700986FE9 /* 1.c */,
				A2E4E7582AEBBD1800986FE9 /* 1_for10.c */,
				A2E4E7372AE83C8400986FE9 /* 2.c */,
				A2E4E7412AE939F700986FE9 /* 3b.c */,
				A2E4E73B2AE9273600986FE9 /* 3.c */,
				A2E4E7432AE93B7500986FE9 /* 4b.c */,
				A2E4E73D2AE92A7700986FE9 /* 4.c */,
				A2E4E7452AE9514700986FE9 /* 5.c */,
				A2E4E73F2AE92F3600986FE9 /* 5b.c */,
				A2E4E7472AE9611400986FE9 /* 6.c */,
				A2E4E7492AE970AC00986FE9 /* 7.c */,
				A2E4E74B2AE9743200986FE9 /* 8.c */,
				A2E4E74D2AE977DE00986FE9 /* 8_1.c */,
				A2E4E74F2AE9796D00986FE9 /* 9.c */,
				A2E4E7512AE97B0F00986FE9 /* 10.c */,
				A2E4E7532AE97D9200986FE9 /* 11_fork_exec.c */,
				A2E4E7562AE97DA100986FE9 /* 11_sys.c */,
			);
			path = lab2;
			sourceTree = "<group>";
		};
		A2E4E75A2AEE765A00986FE9 /* lab3 */ = {
			isa = PBXGroup;
			children = (
				A2E4E75B2AEE768900986FE9 /* task.txt */,
				A25EF0CC2AF036920027DAFC /* 1.c */,
			);
			path = lab3;
			sourceTree = "<group>";
		};
		A2EF1A742AD2C57200954B5D = {
			isa = PBXGroup;
			children = (
				A2EF1A7F2AD2C57200954B5D /* labOS */,
				A2EF1A7E2AD2C57200954B5D /* Products */,
			);
			sourceTree = "<group>";
		};
		A2EF1A7E2AD2C57200954B5D /* Products */ = {
			isa = PBXGroup;
			children = (
				A2EF1A7D2AD2C57200954B5D /* labOS */,
			);
			name = Products;
			sourceTree = "<group>";
		};
		A2EF1A7F2AD2C57200954B5D /* labOS */ = {
			isa = PBXGroup;
			children = (
				A2EF1A872AD2C58400954B5D /* lab1 */,
				A2E4E7332AE429B900986FE9 /* lab2 */,
				A2E4E75A2AEE765A00986FE9 /* lab3 */,
				A2EF1A802AD2C57200954B5D /* main.c */,
			);
			path = labOS;
			sourceTree = "<group>";
		};
		A2EF1A872AD2C58400954B5D /* lab1 */ = {
			isa = PBXGroup;
			children = (
				A2EF1A912ADFC98900954B5D /* task.txt */,
				A2EF1A892AD2C60C00954B5D /* 1.c */,
				A2EF1A8B2AD702F900954B5D /* 2.c */,
				A2EF1A8D2AD942EB00954B5D /* 3.c */,
				A2EF1A8F2ADFC93B00954B5D /* 4.c */,
				A2EF1A922ADFE59B00954B5D /* 5.c */,
				A2EF1A942ADFE9F200954B5D /* 6.c */,
				A2EF1A962ADFED4A00954B5D /* 7.c */,
				A2024B342AE1BCDC00781741 /* 8.c */,
				A2024B362AE1CB1800781741 /* 9.c */,
				A2024B382AE1D5DE00781741 /* 10.c */,
				A2024B3A2AE1D73400781741 /* 11.c */,
			);
			path = lab1;
			sourceTree = "<group>";
		};
/* End PBXGroup section */

/* Begin PBXNativeTarget section */
		A2EF1A7C2AD2C57200954B5D /* labOS */ = {
			isa = PBXNativeTarget;
			buildConfigurationList = A2EF1A842AD2C57200954B5D /* Build configuration list for PBXNativeTarget "labOS" */;
			buildPhases = (
				A2EF1A792AD2C57200954B5D /* Sources */,
				A2EF1A7A2AD2C57200954B5D /* Frameworks */,
				A2EF1A7B2AD2C57200954B5D /* CopyFiles */,
			);
			buildRules = (
			);
			dependencies = (
			);
			name = labOS;
			productName = labOS;
			productReference = A2EF1A7D2AD2C57200954B5D /* labOS */;
			productType = "com.apple.product-type.tool";
		};
/* End PBXNativeTarget section */

/* Begin PBXProject section */
		A2EF1A752AD2C57200954B5D /* Project object */ = {
			isa = PBXProject;
			attributes = {
				BuildIndependentTargetsInParallel = 1;
				LastUpgradeCheck = 1430;
				TargetAttributes = {
					A2EF1A7C2AD2C57200954B5D = {
						CreatedOnToolsVersion = 14.3.1;
					};
				};
			};
			buildConfigurationList = A2EF1A782AD2C57200954B5D /* Build configuration list for PBXProject "labOS" */;
			compatibilityVersion = "Xcode 14.0";
			developmentRegion = en;
			hasScannedForEncodings = 0;
			knownRegions = (
				en,
				Base,
			);
			mainGroup = A2EF1A742AD2C57200954B5D;
			productRefGroup = A2EF1A7E2AD2C57200954B5D /* Products */;
			projectDirPath = "";
			projectRoot = "";
			targets = (
				A2EF1A7C2AD2C57200954B5D /* labOS */,
			);
		};
/* End PBXProject section */

/* Begin PBXSourcesBuildPhase section */
		A2EF1A792AD2C57200954B5D /* Sources */ = {
			isa = PBXSourcesBuildPhase;
			buildActionMask = 2147483647;
			files = (
				A2024B352AE1BCDC00781741 /* 8.c in Sources */,
				A2E4E7402AE92F3600986FE9 /* 5b.c in Sources */,
				A2EF1A8C2AD702F900954B5D /* 2.c in Sources */,
				A2E4E7382AE83C8400986FE9 /* 2.c in Sources */,
				A2EF1A812AD2C57200954B5D /* main.c in Sources */,
				A2E4E7362AE4880700986FE9 /* 1.c in Sources */,
				A2E4E7522AE97B0F00986FE9 /* 10.c in Sources */,
				A2E4E74E2AE977DE00986FE9 /* 8_1.c in Sources */,
				A2E4E7482AE9611400986FE9 /* 6.c in Sources */,
				A25EF0CD2AF036920027DAFC /* 1.c in Sources */,
				A2E4E7592AEBBD1800986FE9 /* 1_for10.c in Sources */,
				A2E4E74A2AE970AD00986FE9 /* 7.c in Sources */,
				A2EF1A902ADFC93B00954B5D /* 4.c in Sources */,
				A2E4E73C2AE9273600986FE9 /* 3.c in Sources */,
				A2E4E7542AE97D9200986FE9 /* 11_fork_exec.c in Sources */,
				A2E4E7572AE97DA100986FE9 /* 11_sys.c in Sources */,
				A2E4E7422AE939F700986FE9 /* 3b.c in Sources */,
				A2E4E7502AE9796D00986FE9 /* 9.c in Sources */,
				A2E4E74C2AE9743200986FE9 /* 8.c in Sources */,
				A2EF1A972ADFED4A00954B5D /* 7.c in Sources */,
				A2E4E73E2AE92A7700986FE9 /* 4.c in Sources */,
				A2EF1A932ADFE59B00954B5D /* 5.c in Sources */,
				A2EF1A8A2AD2C60C00954B5D /* 1.c in Sources */,
				A2E4E7462AE9514700986FE9 /* 5.c in Sources */,
				A2024B3B2AE1D73400781741 /* 11.c in Sources */,
				A2024B392AE1D5DE00781741 /* 10.c in Sources */,
				A2024B372AE1CB1800781741 /* 9.c in Sources */,
				A2EF1A8E2AD942EB00954B5D /* 3.c in Sources */,
				A2E4E7442AE93B7500986FE9 /* 4b.c in Sources */,
				A2EF1A952ADFE9F200954B5D /* 6.c in Sources */,
			);
			runOnlyForDeploymentPostprocessing = 0;
		};
/* End PBXSourcesBuildPhase section */

/* Begin XCBuildConfiguration section */
		A2EF1A822AD2C57200954B5D /* Debug */ = {
			isa = XCBuildConfiguration;
			buildSettings = {
				ALWAYS_SEARCH_USER_PATHS = NO;
				CLANG_ANALYZER_NONNULL = YES;
				CLANG_ANALYZER_NUMBER_OBJECT_CONVERSION = YES_AGGRESSIVE;
				CLANG_CXX_LANGUAGE_STANDARD = "gnu++20";
				CLANG_ENABLE_MODULES = YES;
				CLANG_ENABLE_OBJC_ARC = YES;
				CLANG_ENABLE_OBJC_WEAK = YES;
				CLANG_WARN_BLOCK_CAPTURE_AUTORELEASING = YES;
				CLANG_WARN_BOOL_CONVERSION = YES;
				CLANG_WARN_COMMA = YES;
				CLANG_WARN_CONSTANT_CONVERSION = YES;
				CLANG_WARN_DEPRECATED_OBJC_IMPLEMENTATIONS = YES;
				CLANG_WARN_DIRECT_OBJC_ISA_USAGE = YES_ERROR;
				CLANG_WARN_DOCUMENTATION_COMMENTS = YES;
				CLANG_WARN_EMPTY_BODY = YES;
				CLANG_WARN_ENUM_CONVERSION = YES;
				CLANG_WARN_INFINITE_RECURSION = YES;
				CLANG_WARN_INT_CONVERSION = YES;
				CLANG_WARN_NON_LITERAL_NULL_CONVERSION = YES;
				CLANG_WARN_OBJC_IMPLICIT_RETAIN_SELF = YES;
				CLANG_WARN_OBJC_LITERAL_CONVERSION = YES;
				CLANG_WARN_OBJC_ROOT_CLASS = YES_ERROR;
				CLANG_WARN_QUOTED_INCLUDE_IN_FRAMEWORK_HEADER = YES;
				CLANG_WARN_RANGE_LOOP_ANALYSIS = YES;
				CLANG_WARN_STRICT_PROTOTYPES = YES;
				CLANG_WARN_SUSPICIOUS_MOVE = YES;
				CLANG_WARN_UNGUARDED_AVAILABILITY = YES_AGGRESSIVE;
				CLANG_WARN_UNREACHABLE_CODE = YES;
				CLANG_WARN__DUPLICATE_METHOD_MATCH = YES;
				COPY_PHASE_STRIP = NO;
				DEBUG_INFORMATION_FORMAT = dwarf;
				ENABLE_STRICT_OBJC_MSGSEND = YES;
				ENABLE_TESTABILITY = YES;
				GCC_C_LANGUAGE_STANDARD = gnu11;
				GCC_DYNAMIC_NO_PIC = NO;
				GCC_NO_COMMON_BLOCKS = YES;
				GCC_OPTIMIZATION_LEVEL = 0;
				GCC_PREPROCESSOR_DEFINITIONS = (
					"DEBUG=1",
					"$(inherited)",
				);
				GCC_WARN_64_TO_32_BIT_CONVERSION = YES;
				GCC_WARN_ABOUT_RETURN_TYPE = YES_ERROR;
				GCC_WARN_UNDECLARED_SELECTOR = YES;
				GCC_WARN_UNINITIALIZED_AUTOS = YES_AGGRESSIVE;
				GCC_WARN_UNUSED_FUNCTION = YES;
				GCC_WARN_UNUSED_VARIABLE = YES;
				MACOSX_DEPLOYMENT_TARGET = 13.3;
				MTL_ENABLE_DEBUG_INFO = INCLUDE_SOURCE;
				MTL_FAST_MATH = YES;
				ONLY_ACTIVE_ARCH = YES;
				SDKROOT = macosx;
			};
			name = Debug;
		};
		A2EF1A832AD2C57200954B5D /* Release */ = {
			isa = XCBuildConfiguration;
			buildSettings = {
				ALWAYS_SEARCH_USER_PATHS = NO;
				CLANG_ANALYZER_NONNULL = YES;
				CLANG_ANALYZER_NUMBER_OBJECT_CONVERSION = YES_AGGRESSIVE;
				CLANG_CXX_LANGUAGE_STANDARD = "gnu++20";
				CLANG_ENABLE_MODULES = YES;
				CLANG_ENABLE_OBJC_ARC = YES;
				CLANG_ENABLE_OBJC_WEAK = YES;
				CLANG_WARN_BLOCK_CAPTURE_AUTORELEASING = YES;
				CLANG_WARN_BOOL_CONVERSION = YES;
				CLANG_WARN_COMMA = YES;
				CLANG_WARN_CONSTANT_CONVERSION = YES;
				CLANG_WARN_DEPRECATED_OBJC_IMPLEMENTATIONS = YES;
				CLANG_WARN_DIRECT_OBJC_ISA_USAGE = YES_ERROR;
				CLANG_WARN_DOCUMENTATION_COMMENTS = YES;
				CLANG_WARN_EMPTY_BODY = YES;
				CLANG_WARN_ENUM_CONVERSION = YES;
				CLANG_WARN_INFINITE_RECURSION = YES;
				CLANG_WARN_INT_CONVERSION = YES;
				CLANG_WARN_NON_LITERAL_NULL_CONVERSION = YES;
				CLANG_WARN_OBJC_IMPLICIT_RETAIN_SELF = YES;
				CLANG_WARN_OBJC_LITERAL_CONVERSION = YES;
				CLANG_WARN_OBJC_ROOT_CLASS = YES_ERROR;
				CLANG_WARN_QUOTED_INCLUDE_IN_FRAMEWORK_HEADER = YES;
				CLANG_WARN_RANGE_LOOP_ANALYSIS = YES;
				CLANG_WARN_STRICT_PROTOTYPES = YES;
				CLANG_WARN_SUSPICIOUS_MOVE = YES;
				CLANG_WARN_UNGUARDED_AVAILABILITY = YES_AGGRESSIVE;
				CLANG_WARN_UNREACHABLE_CODE = YES;
				CLANG_WARN__DUPLICATE_METHOD_MATCH = YES;
				COPY_PHASE_STRIP = NO;
				DEBUG_INFORMATION_FORMAT = "dwarf-with-dsym";
				ENABLE_NS_ASSERTIONS = NO;
				ENABLE_STRICT_OBJC_MSGSEND = YES;
				GCC_C_LANGUAGE_STANDARD = gnu11;
				GCC_NO_COMMON_BLOCKS = YES;
				GCC_WARN_64_TO_32_BIT_CONVERSION = YES;
				GCC_WARN_ABOUT_RETURN_TYPE = YES_ERROR;
				GCC_WARN_UNDECLARED_SELECTOR = YES;
				GCC_WARN_UNINITIALIZED_AUTOS = YES_AGGRESSIVE;
				GCC_WARN_UNUSED_FUNCTION = YES;
				GCC_WARN_UNUSED_VARIABLE = YES;
				MACOSX_DEPLOYMENT_TARGET = 13.3;
				MTL_ENABLE_DEBUG_INFO = NO;
				MTL_FAST_MATH = YES;
				SDKROOT = macosx;
			};
			name = Release;
		};
		A2EF1A852AD2C57200954B5D /* Debug */ = {
			isa = XCBuildConfiguration;
			buildSettings = {
				CODE_SIGN_STYLE = Automatic;
				PRODUCT_NAME = "$(TARGET_NAME)";
			};
			name = Debug;
		};
		A2EF1A862AD2C57200954B5D /* Release */ = {
			isa = XCBuildConfiguration;
			buildSettings = {
				CODE_SIGN_STYLE = Automatic;
				PRODUCT_NAME = "$(TARGET_NAME)";
			};
			name = Release;
		};
/* End XCBuildConfiguration section */

/* Begin XCConfigurationList section */
		A2EF1A782AD2C57200954B5D /* Build configuration list for PBXProject "labOS" */ = {
			isa = XCConfigurationList;
			buildConfigurations = (
				A2EF1A822AD2C57200954B5D /* Debug */,
				A2EF1A832AD2C57200954B5D /* Release */,
			);
			defaultConfigurationIsVisible = 0;
			defaultConfigurationName = Release;
		};
		A2EF1A842AD2C57200954B5D /* Build configuration list for PBXNativeTarget "labOS" */ = {
			isa = XCConfigurationList;
			buildConfigurations = (
				A2EF1A852AD2C57200954B5D /* Debug */,
				A2EF1A862AD2C57200954B5D /* Release */,
			);
			defaultConfigurationIsVisible = 0;
			defaultConfigurationName = Release;
		};
/* End XCConfigurationList section */
	};
	rootObject = A2EF1A752AD2C57200954B5D /* Project object */;
}
